Microsoft Visual Studio Solution File, Format Version 12.00
# Visual Studio Version 18
VisualStudioVersion = 18.10.12120.281 insiders
MinimumVisualStudioVersion = 10.0.40219.1
Project("{FAE04EC0-301F-11D3-BF4B-00C04F79EFBC}") = "SmartTrafficDashboard", "SmartTrafficDashboard.csproj", "{7E5D0E74-4A2F-4A43-9D36-AFD1ECA53D1A}"
EndProject
Global
	GlobalSection(SolutionConfigurationPlatforms) = preSolution
		Debug|Any CPU = Debug|Any CPU
		Debug|x64 = Debug|x64
		Release|Any CPU = Release|Any CPU
		Release|x64 = Release|x64
	EndGlobalSection
	GlobalSection(ProjectConfigurationPlatforms) = postSolution
		{7E5D0E74-4A2F-4A43-9D36-AFD1ECA53D1A}.Debug|Any CPU.ActiveCfg = Debug|Any CPU
		{7E5D0E74-4A2F-4A43-9D36-AFD1ECA53D1A}.Debug|Any CPU.Build.0 = Debug|Any CPU
		{7E5D0E74-4A2F-4A43-9D36-AFD1ECA53D1A}.Debug|x64.ActiveCfg = Debug|x64
		{7E5D0E74-4A2F-4A43-9D36-AFD1ECA53D1A}.Debug|x64.Build.0 = Debug|x64
		{7E5D0E74-4A2F-4A43-9D36-AFD1ECA53D1A}.Release|Any CPU.ActiveCfg = Release|Any CPU
		{7E5D0E74-4A2F-4A43-9D36-AFD1ECA53D1A}.Release|Any CPU.Build.0 = Release|Any CPU
		{7E5D0E74-4A2F-4A43-9D36-AFD1ECA53D1A}.Release|x64.ActiveCfg = Release|x64
		{7E5D0E74-4A2F-4A43-9D36-AFD1ECA53D1A}.Release|x64.Build.0 = Release|x64
	EndGlobalSection
	GlobalSection(SolutionProperties) = preSolution
		HideSolutionNode = FALSE
	EndGlobalSection
EndGlobal
